// !$*UTF8*$!
{
	archiveVersion = 1;
	classes = {
	};
	objectVersion = 56;
	objects = {

/* Begin PBXBuildFile section */
		337CA6C62B82FCE90043FF04 /* NetworkingManager.swift in Sources */ = {isa = PBXBuildFile; fileRef = 337CA6C52B82FCE90043FF04 /* NetworkingManager.swift */; };
		337CA6C92B8304D20043FF04 /* CoinImageView.swift in Sources */ = {isa = PBXBuildFile; fileRef = 337CA6C82B8304D20043FF04 /* CoinImageView.swift */; };
		337CA6CB2B83060E0043FF04 /* CoinImageService.swift in Sources */ = {isa = PBXBuildFile; fileRef = 337CA6CA2B83060E0043FF04 /* CoinImageService.swift */; };
		337CA6CD2B831F2A0043FF04 /* CoinImageViewModel.swift in Sources */ = {isa = PBXBuildFile; fileRef = 337CA6CC2B831F2A0043FF04 /* CoinImageViewModel.swift */; };
		337CA6CF2B8325140043FF04 /* LocalFileManager.swift in Sources */ = {isa = PBXBuildFile; fileRef = 337CA6CE2B8325140043FF04 /* LocalFileManager.swift */; };
		337CA6EE2B849E070043FF04 /* SearchBarView.swift in Sources */ = {isa = PBXBuildFile; fileRef = 337CA6ED2B849E070043FF04 /* SearchBarView.swift */; };
		337CA6F02B84AA1C0043FF04 /* UIApplication.swift in Sources */ = {isa = PBXBuildFile; fileRef = 337CA6EF2B84AA1C0043FF04 /* UIApplication.swift */; };
		337CA6F22B84BCCD0043FF04 /* StatisticModel.swift in Sources */ = {isa = PBXBuildFile; fileRef = 337CA6F12B84BCCD0043FF04 /* StatisticModel.swift */; };
		337CA6F42B84BDEC0043FF04 /* StatisticView.swift in Sources */ = {isa = PBXBuildFile; fileRef = 337CA6F32B84BDEC0043FF04 /* StatisticView.swift */; };
		337CA6F62B84C0AC0043FF04 /* HomeStatsView.swift in Sources */ = {isa = PBXBuildFile; fileRef = 337CA6F52B84C0AC0043FF04 /* HomeStatsView.swift */; };
		337CA6F82B85A17C0043FF04 /* PortfolioView.swift in Sources */ = {isa = PBXBuildFile; fileRef = 337CA6F72B85A17C0043FF04 /* PortfolioView.swift */; };
		337CA6FA2B85A3B70043FF04 /* XMarkButton.swift in Sources */ = {isa = PBXBuildFile; fileRef = 337CA6F92B85A3B70043FF04 /* XMarkButton.swift */; };
		337CA6FC2B85A5800043FF04 /* CoinLogoView.swift in Sources */ = {isa = PBXBuildFile; fileRef = 337CA6FB2B85A5800043FF04 /* CoinLogoView.swift */; };
		963E04BC2B874C80000E064C /* PortfolioContainer.xcdatamodeld in Sources */ = {isa = PBXBuildFile; fileRef = 963E04BA2B874C80000E064C /* PortfolioContainer.xcdatamodeld */; };
		963E04BE2B874D13000E064C /* PortfolioDataService.swift in Sources */ = {isa = PBXBuildFile; fileRef = 963E04BD2B874D13000E064C /* PortfolioDataService.swift */; };
		963E04C02B8871A8000E064C /* HapticManager.swift in Sources */ = {isa = PBXBuildFile; fileRef = 963E04BF2B8871A8000E064C /* HapticManager.swift */; };
		963E04C52B888316000E064C /* DetailView.swift in Sources */ = {isa = PBXBuildFile; fileRef = 963E04C42B888316000E064C /* DetailView.swift */; };
		963E04C72B888FF6000E064C /* CoinDetailModel.swift in Sources */ = {isa = PBXBuildFile; fileRef = 963E04C62B888FF6000E064C /* CoinDetailModel.swift */; };
		963E04C92B889307000E064C /* DetailViewModel.swift in Sources */ = {isa = PBXBuildFile; fileRef = 963E04C82B889307000E064C /* DetailViewModel.swift */; };
		963E04CB2B88933F000E064C /* CoinDetailDataService.swift in Sources */ = {isa = PBXBuildFile; fileRef = 963E04CA2B88933F000E064C /* CoinDetailDataService.swift */; };
		963E04CD2B88A98B000E064C /* ChartView.swift in Sources */ = {isa = PBXBuildFile; fileRef = 963E04CC2B88A98B000E064C /* ChartView.swift */; };
		963E04CF2B88E09C000E064C /* Date.swift in Sources */ = {isa = PBXBuildFile; fileRef = 963E04CE2B88E09C000E064C /* Date.swift */; };
		96757D632B84EC840034E77E /* MarketDataModel.swift in Sources */ = {isa = PBXBuildFile; fileRef = 96757D622B84EC840034E77E /* MarketDataModel.swift */; };
		96757D652B84F45F0034E77E /* MarketDataService.swift in Sources */ = {isa = PBXBuildFile; fileRef = 96757D642B84F45F0034E77E /* MarketDataService.swift */; };
		96AEEECF2B805E7C00546404 /* cryptoTrackerApp.swift in Sources */ = {isa = PBXBuildFile; fileRef = 96AEEECE2B805E7C00546404 /* cryptoTrackerApp.swift */; };
		96AEEED62B805E7D00546404 /* Preview Assets.xcassets in Resources */ = {isa = PBXBuildFile; fileRef = 96AEEED52B805E7D00546404 /* Preview Assets.xcassets */; };
		96AEEEDD2B805FB200546404 /* Assets.xcassets in Resources */ = {isa = PBXBuildFile; fileRef = 96AEEEDC2B805FB200546404 /* Assets.xcassets */; };
		96AEEEE02B80617200546404 /* Color.swift in Sources */ = {isa = PBXBuildFile; fileRef = 96AEEEDF2B80617200546404 /* Color.swift */; };
		96AEEEE62B80682F00546404 /* HomeView.swift in Sources */ = {isa = PBXBuildFile; fileRef = 96AEEEE52B80682F00546404 /* HomeView.swift */; };
		96AEEEEA2B80699700546404 /* CircleButtonView.swift in Sources */ = {isa = PBXBuildFile; fileRef = 96AEEEE92B80699700546404 /* CircleButtonView.swift */; };
		96AEEEEC2B80713C00546404 /* CircleButtonAnimationView.swift in Sources */ = {isa = PBXBuildFile; fileRef = 96AEEEEB2B80713C00546404 /* CircleButtonAnimationView.swift */; };
		96AEEEEF2B81A89800546404 /* CoinModel.swift in Sources */ = {isa = PBXBuildFile; fileRef = 96AEEEEE2B81A89800546404 /* CoinModel.swift */; };
		96AEEEF12B81B6A300546404 /* CoinRowView.swift in Sources */ = {isa = PBXBuildFile; fileRef = 96AEEEF02B81B6A300546404 /* CoinRowView.swift */; };
		96AEEEF32B81CA2500546404 /* PreviewData.swift in Sources */ = {isa = PBXBuildFile; fileRef = 96AEEEF22B81CA2500546404 /* PreviewData.swift */; };
		96AEEEF52B81CF3E00546404 /* Double.swift in Sources */ = {isa = PBXBuildFile; fileRef = 96AEEEF42B81CF3E00546404 /* Double.swift */; };
		96AEEEF72B81D70700546404 /* HomeViewModel.swift in Sources */ = {isa = PBXBuildFile; fileRef = 96AEEEF62B81D70700546404 /* HomeViewModel.swift */; };
		96AEEEFA2B81FB1400546404 /* CoinDataService.swift in Sources */ = {isa = PBXBuildFile; fileRef = 96AEEEF92B81FB1400546404 /* CoinDataService.swift */; };
		96F4A81A2B8C5FC30080276E /* String.swift in Sources */ = {isa = PBXBuildFile; fileRef = 96F4A8192B8C5FC30080276E /* String.swift */; };
		96F4A81E2B8C659D0080276E /* SettingsView.swift in Sources */ = {isa = PBXBuildFile; fileRef = 96F4A81D2B8C659D0080276E /* SettingsView.swift */; };
		96F4A8222B8C6EAE0080276E /* LaunchScreen.storyboard in Resources */ = {isa = PBXBuildFile; fileRef = 96F4A8212B8C6EAE0080276E /* LaunchScreen.storyboard */; };
		96F4A8242B8C702A0080276E /* LaunchView.swift in Sources */ = {isa = PBXBuildFile; fileRef = 96F4A8232B8C702A0080276E /* LaunchView.swift */; };
/* End PBXBuildFile section */

/* Begin PBXFileReference section */
		337CA6C52B82FCE90043FF04 /* NetworkingManager.swift */ = {isa = PBXFileReference; lastKnownFileType = sourcecode.swift; path = NetworkingManager.swift; sourceTree = "<group>"; };
		337CA6C82B8304D20043FF04 /* CoinImageView.swift */ = {isa = PBXFileReference; lastKnownFileType = sourcecode.swift; path = CoinImageView.swift; sourceTree = "<group>"; };
		337CA6CA2B83060E0043FF04 /* CoinImageService.swift */ = {isa = PBXFileReference; lastKnownFileType = sourcecode.swift; path = CoinImageService.swift; sourceTree = "<group>"; };
		337CA6CC2B831F2A0043FF04 /* CoinImageViewModel.swift */ = {isa = PBXFileReference; lastKnownFileType = sourcecode.swift; path = CoinImageViewModel.swift; sourceTree = "<group>"; };
		337CA6CE2B8325140043FF04 /* LocalFileManager.swift */ = {isa = PBXFileReference; lastKnownFileType = sourcecode.swift; path = LocalFileManager.swift; sourceTree = "<group>"; };
		337CA6ED2B849E070043FF04 /* SearchBarView.swift */ = {isa = PBXFileReference; lastKnownFileType = sourcecode.swift; path = SearchBarView.swift; sourceTree = "<group>"; };
		337CA6EF2B84AA1C0043FF04 /* UIApplication.swift */ = {isa = PBXFileReference; lastKnownFileType = sourcecode.swift; path = UIApplication.swift; sourceTree = "<group>"; };
		337CA6F12B84BCCD0043FF04 /* StatisticModel.swift */ = {isa = PBXFileReference; lastKnownFileType = sourcecode.swift; path = StatisticModel.swift; sourceTree = "<group>"; };
		337CA6F32B84BDEC0043FF04 /* StatisticView.swift */ = {isa = PBXFileReference; lastKnownFileType = sourcecode.swift; path = StatisticView.swift; sourceTree = "<group>"; };
		337CA6F52B84C0AC0043FF04 /* HomeStatsView.swift */ = {isa = PBXFileReference; lastKnownFileType = sourcecode.swift; path = HomeStatsView.swift; sourceTree = "<group>"; };
		337CA6F72B85A17C0043FF04 /* PortfolioView.swift */ = {isa = PBXFileReference; lastKnownFileType = sourcecode.swift; path = PortfolioView.swift; sourceTree = "<group>"; };
		337CA6F92B85A3B70043FF04 /* XMarkButton.swift */ = {isa = PBXFileReference; lastKnownFileType = sourcecode.swift; path = XMarkButton.swift; sourceTree = "<group>"; };
		337CA6FB2B85A5800043FF04 /* CoinLogoView.swift */ = {isa = PBXFileReference; lastKnownFileType = sourcecode.swift; path = CoinLogoView.swift; sourceTree = "<group>"; };
		963E04BB2B874C80000E064C /* PortfolioContainer.xcdatamodel */ = {isa = PBXFileReference; lastKnownFileType = wrapper.xcdatamodel; path = PortfolioContainer.xcdatamodel; sourceTree = "<group>"; };
		963E04BD2B874D13000E064C /* PortfolioDataService.swift */ = {isa = PBXFileReference; lastKnownFileType = sourcecode.swift; path = PortfolioDataService.swift; sourceTree = "<group>"; };
		963E04BF2B8871A8000E064C /* HapticManager.swift */ = {isa = PBXFileReference; lastKnownFileType = sourcecode.swift; path = HapticManager.swift; sourceTree = "<group>"; };
		963E04C42B888316000E064C /* DetailView.swift */ = {isa = PBXFileReference; lastKnownFileType = sourcecode.swift; path = DetailView.swift; sourceTree = "<group>"; };
		963E04C62B888FF6000E064C /* CoinDetailModel.swift */ = {isa = PBXFileReference; lastKnownFileType = sourcecode.swift; path = CoinDetailModel.swift; sourceTree = "<group>"; };
		963E04C82B889307000E064C /* DetailViewModel.swift */ = {isa = PBXFileReference; lastKnownFileType = sourcecode.swift; path = DetailViewModel.swift; sourceTree = "<group>"; };
		963E04CA2B88933F000E064C /* CoinDetailDataService.swift */ = {isa = PBXFileReference; lastKnownFileType = sourcecode.swift; path = CoinDetailDataService.swift; sourceTree = "<group>"; };
		963E04CC2B88A98B000E064C /* ChartView.swift */ = {isa = PBXFileReference; lastKnownFileType = sourcecode.swift; path = ChartView.swift; sourceTree = "<group>"; };
		963E04CE2B88E09C000E064C /* Date.swift */ = {isa = PBXFileReference; lastKnownFileType = sourcecode.swift; path = Date.swift; sourceTree = "<group>"; };
		96757D622B84EC840034E77E /* MarketDataModel.swift */ = {isa = PBXFileReference; lastKnownFileType = sourcecode.swift; path = MarketDataModel.swift; sourceTree = "<group>"; };
		96757D642B84F45F0034E77E /* MarketDataService.swift */ = {isa = PBXFileReference; lastKnownFileType = sourcecode.swift; path = MarketDataService.swift; sourceTree = "<group>"; };
		96AEEECB2B805E7C00546404 /* cryptoTracker.app */ = {isa = PBXFileReference; explicitFileType = wrapper.application; includeInIndex = 0; path = cryptoTracker.app; sourceTree = BUILT_PRODUCTS_DIR; };
		96AEEECE2B805E7C00546404 /* cryptoTrackerApp.swift */ = {isa = PBXFileReference; lastKnownFileType = sourcecode.swift; path = cryptoTrackerApp.swift; sourceTree = "<group>"; };
		96AEEED52B805E7D00546404 /* Preview Assets.xcassets */ = {isa = PBXFileReference; lastKnownFileType = folder.assetcatalog; path = "Preview Assets.xcassets"; sourceTree = "<group>"; };
		96AEEEDC2B805FB200546404 /* Assets.xcassets */ = {isa = PBXFileReference; lastKnownFileType = folder.assetcatalog; name = Assets.xcassets; path = ../../Resources/Assets.xcassets; sourceTree = "<group>"; };
		96AEEEDF2B80617200546404 /* Color.swift */ = {isa = PBXFileReference; lastKnownFileType = sourcecode.swift; path = Color.swift; sourceTree = "<group>"; };
		96AEEEE52B80682F00546404 /* HomeView.swift */ = {isa = PBXFileReference; lastKnownFileType = sourcecode.swift; path = HomeView.swift; sourceTree = "<group>"; };
		96AEEEE92B80699700546404 /* CircleButtonView.swift */ = {isa = PBXFileReference; lastKnownFileType = sourcecode.swift; path = CircleButtonView.swift; sourceTree = "<group>"; };
		96AEEEEB2B80713C00546404 /* CircleButtonAnimationView.swift */ = {isa = PBXFileReference; lastKnownFileType = sourcecode.swift; path = CircleButtonAnimationView.swift; sourceTree = "<group>"; };
		96AEEEEE2B81A89800546404 /* CoinModel.swift */ = {isa = PBXFileReference; lastKnownFileType = sourcecode.swift; path = CoinModel.swift; sourceTree = "<group>"; };
		96AEEEF02B81B6A300546404 /* CoinRowView.swift */ = {isa = PBXFileReference; lastKnownFileType = sourcecode.swift; path = CoinRowView.swift; sourceTree = "<group>"; };
		96AEEEF22B81CA2500546404 /* PreviewData.swift */ = {isa = PBXFileReference; lastKnownFileType = sourcecode.swift; path = PreviewData.swift; sourceTree = "<group>"; };
		96AEEEF42B81CF3E00546404 /* Double.swift */ = {isa = PBXFileReference; lastKnownFileType = sourcecode.swift; path = Double.swift; sourceTree = "<group>"; };
		96AEEEF62B81D70700546404 /* HomeViewModel.swift */ = {isa = PBXFileReference; lastKnownFileType = sourcecode.swift; path = HomeViewModel.swift; sourceTree = "<group>"; };
		96AEEEF92B81FB1400546404 /* CoinDataService.swift */ = {isa = PBXFileReference; lastKnownFileType = sourcecode.swift; path = CoinDataService.swift; sourceTree = "<group>"; };
		96F4A8192B8C5FC30080276E /* String.swift */ = {isa = PBXFileReference; lastKnownFileType = sourcecode.swift; path = String.swift; sourceTree = "<group>"; };
		96F4A81D2B8C659D0080276E /* SettingsView.swift */ = {isa = PBXFileReference; lastKnownFileType = sourcecode.swift; path = SettingsView.swift; sourceTree = "<group>"; };
		96F4A8212B8C6EAE0080276E /* LaunchScreen.storyboard */ = {isa = PBXFileReference; lastKnownFileType = file.storyboard; path = LaunchScreen.storyboard; sourceTree = "<group>"; };
		96F4A8232B8C702A0080276E /* LaunchView.swift */ = {isa = PBXFileReference; lastKnownFileType = sourcecode.swift; path = LaunchView.swift; sourceTree = "<group>"; };
/* End PBXFileReference section */

/* Begin PBXFrameworksBuildPhase section */
		96AEEEC82B805E7C00546404 /* Frameworks */ = {
			isa = PBXFrameworksBuildPhase;
			buildActionMask = 2147483647;
			files = (
			);
			runOnlyForDeploymentPostprocessing = 0;
		};
/* End PBXFrameworksBuildPhase section */

/* Begin PBXGroup section */
		337CA6C42B82FBD20043FF04 /* Utilities */ = {
			isa = PBXGroup;
			children = (
				337CA6C52B82FCE90043FF04 /* NetworkingManager.swift */,
				337CA6CE2B8325140043FF04 /* LocalFileManager.swift */,
				963E04BF2B8871A8000E064C /* HapticManager.swift */,
			);
			path = Utilities;
			sourceTree = "<group>";
		};
		337CA6C72B8304C40043FF04 /* CoinImage */ = {
			isa = PBXGroup;
			children = (
				337CA6C82B8304D20043FF04 /* CoinImageView.swift */,
				337CA6CC2B831F2A0043FF04 /* CoinImageViewModel.swift */,
				337CA6FB2B85A5800043FF04 /* CoinLogoView.swift */,
			);
			path = CoinImage;
			sourceTree = "<group>";
		};
		963E04C12B8882EC000E064C /* Detail */ = {
			isa = PBXGroup;
			children = (
				963E04C22B8882FA000E064C /* ViewModels */,
				963E04C32B888301000E064C /* Views */,
			);
			path = Detail;
			sourceTree = "<group>";
		};
		963E04C22B8882FA000E064C /* ViewModels */ = {
			isa = PBXGroup;
			children = (
				963E04C82B889307000E064C /* DetailViewModel.swift */,
			);
			path = ViewModels;
			sourceTree = "<group>";
		};
		963E04C32B888301000E064C /* Views */ = {
			isa = PBXGroup;
			children = (
				963E04C42B888316000E064C /* DetailView.swift */,
				963E04CC2B88A98B000E064C /* ChartView.swift */,
			);
			path = Views;
			sourceTree = "<group>";
		};
		96AEEEC22B805E7C00546404 = {
			isa = PBXGroup;
			children = (
				96AEEECD2B805E7C00546404 /* cryptoTracker */,
				96AEEECC2B805E7C00546404 /* Products */,
			);
			sourceTree = "<group>";
		};
		96AEEECC2B805E7C00546404 /* Products */ = {
			isa = PBXGroup;
			children = (
				96AEEECB2B805E7C00546404 /* cryptoTracker.app */,
			);
			name = Products;
			sourceTree = "<group>";
		};
		96AEEECD2B805E7C00546404 /* cryptoTracker */ = {
			isa = PBXGroup;
			children = (
				96AEEECE2B805E7C00546404 /* cryptoTrackerApp.swift */,
				337CA6C42B82FBD20043FF04 /* Utilities */,
				96AEEEDE2B80615300546404 /* Extensions */,
				96AEEEF82B81FAEB00546404 /* Services */,
				96AEEEED2B81A87700546404 /* Models */,
				96AEEEE12B8067F600546404 /* Core */,
				96AEEEDC2B805FB200546404 /* Assets.xcassets */,
				96AEEED42B805E7D00546404 /* Preview Content */,
			);
			path = cryptoTracker;
			sourceTree = "<group>";
		};
		96AEEED42B805E7D00546404 /* Preview Content */ = {
			isa = PBXGroup;
			children = (
				96AEEED52B805E7D00546404 /* Preview Assets.xcassets */,
			);
			path = "Preview Content";
			sourceTree = "<group>";
		};
		96AEEEDE2B80615300546404 /* Extensions */ = {
			isa = PBXGroup;
			children = (
				96AEEEDF2B80617200546404 /* Color.swift */,
				96AEEEF22B81CA2500546404 /* PreviewData.swift */,
				96AEEEF42B81CF3E00546404 /* Double.swift */,
				337CA6EF2B84AA1C0043FF04 /* UIApplication.swift */,
				963E04CE2B88E09C000E064C /* Date.swift */,
				96F4A8192B8C5FC30080276E /* String.swift */,
			);
			path = Extensions;
			sourceTree = "<group>";
		};
		96AEEEE12B8067F600546404 /* Core */ = {
			isa = PBXGroup;
			children = (
				96AEEEE72B80696F00546404 /* Components */,
				96F4A81F2B8C6E8F0080276E /* Launch */,
				96AEEEE22B80680600546404 /* Home */,
				963E04C12B8882EC000E064C /* Detail */,
				96F4A81B2B8C65740080276E /* Settings */,
			);
			path = Core;
			sourceTree = "<group>";
		};
		96AEEEE22B80680600546404 /* Home */ = {
			isa = PBXGroup;
			children = (
				96AEEEE42B80681900546404 /* ViewModels */,
				96AEEEE32B80681200546404 /* Views */,
			);
			path = Home;
			sourceTree = "<group>";
		};
		96AEEEE32B80681200546404 /* Views */ = {
			isa = PBXGroup;
			children = (
				96AEEEE52B80682F00546404 /* HomeView.swift */,
				337CA6F52B84C0AC0043FF04 /* HomeStatsView.swift */,
				96AEEEF02B81B6A300546404 /* CoinRowView.swift */,
				337CA6F72B85A17C0043FF04 /* PortfolioView.swift */,
			);
			path = Views;
			sourceTree = "<group>";
		};
		96AEEEE42B80681900546404 /* ViewModels */ = {
			isa = PBXGroup;
			children = (
				96AEEEF62B81D70700546404 /* HomeViewModel.swift */,
			);
			path = ViewModels;
			sourceTree = "<group>";
		};
		96AEEEE72B80696F00546404 /* Components */ = {
			isa = PBXGroup;
			children = (
				337CA6C72B8304C40043FF04 /* CoinImage */,
				96AEEEE82B80698A00546404 /* CircleButton */,
				337CA6ED2B849E070043FF04 /* SearchBarView.swift */,
				337CA6F32B84BDEC0043FF04 /* StatisticView.swift */,
				337CA6F92B85A3B70043FF04 /* XMarkButton.swift */,
			);
			path = Components;
			sourceTree = "<group>";
		};
		96AEEEE82B80698A00546404 /* CircleButton */ = {
			isa = PBXGroup;
			children = (
				96AEEEE92B80699700546404 /* CircleButtonView.swift */,
				96AEEEEB2B80713C00546404 /* CircleButtonAnimationView.swift */,
			);
			path = CircleButton;
			sourceTree = "<group>";
		};
		96AEEEED2B81A87700546404 /* Models */ = {
			isa = PBXGroup;
			children = (
				96AEEEEE2B81A89800546404 /* CoinModel.swift */,
				963E04C62B888FF6000E064C /* CoinDetailModel.swift */,
				337CA6F12B84BCCD0043FF04 /* StatisticModel.swift */,
				96757D622B84EC840034E77E /* MarketDataModel.swift */,
				963E04BA2B874C80000E064C /* PortfolioContainer.xcdatamodeld */,
			);
			path = Models;
			sourceTree = "<group>";
		};
		96AEEEF82B81FAEB00546404 /* Services */ = {
			isa = PBXGroup;
			children = (
				96AEEEF92B81FB1400546404 /* CoinDataService.swift */,
				963E04CA2B88933F000E064C /* CoinDetailDataService.swift */,
				337CA6CA2B83060E0043FF04 /* CoinImageService.swift */,
				96757D642B84F45F0034E77E /* MarketDataService.swift */,
				963E04BD2B874D13000E064C /* PortfolioDataService.swift */,
			);
			path = Services;
			sourceTree = "<group>";
		};
		96F4A81B2B8C65740080276E /* Settings */ = {
			isa = PBXGroup;
			children = (
				96F4A81C2B8C658E0080276E /* Views */,
			);
			path = Settings;
			sourceTree = "<group>";
		};
		96F4A81C2B8C658E0080276E /* Views */ = {
			isa = PBXGroup;
			children = (
				96F4A81D2B8C659D0080276E /* SettingsView.swift */,
			);
			path = Views;
			sourceTree = "<group>";
		};
		96F4A81F2B8C6E8F0080276E /* Launch */ = {
			isa = PBXGroup;
			children = (
				96F4A8202B8C6E980080276E /* Views */,
			);
			path = Launch;
			sourceTree = "<group>";
		};
		96F4A8202B8C6E980080276E /* Views */ = {
			isa = PBXGroup;
			children = (
				96F4A8212B8C6EAE0080276E /* LaunchScreen.storyboard */,
				96F4A8232B8C702A0080276E /* LaunchView.swift */,
			);
			path = Views;
			sourceTree = "<group>";
		};
/* End PBXGroup section */

/* Begin PBXNativeTarget section */
		96AEEECA2B805E7C00546404 /* cryptoTracker */ = {
			isa = PBXNativeTarget;
			buildConfigurationList = 96AEEED92B805E7D00546404 /* Build configuration list for PBXNativeTarget "cryptoTracker" */;
			buildPhases = (
				96AEEEC72B805E7C00546404 /* Sources */,
				96AEEEC82B805E7C00546404 /* Frameworks */,
				96AEEEC92B805E7C00546404 /* Resources */,
			);
			buildRules = (
			);
			dependencies = (
			);
			name = cryptoTracker;
			productName = cryptoTracker;
			productReference = 96AEEECB2B805E7C00546404 /* cryptoTracker.app */;
			productType = "com.apple.product-type.application";
		};
/* End PBXNativeTarget section */

/* Begin PBXProject section */
		96AEEEC32B805E7C00546404 /* Project object */ = {
			isa = PBXProject;
			attributes = {
				BuildIndependentTargetsInParallel = 1;
				LastSwiftUpdateCheck = 1520;
				LastUpgradeCheck = 1520;
				TargetAttributes = {
					96AEEECA2B805E7C00546404 = {
						CreatedOnToolsVersion = 15.2;
					};
				};
			};
			buildConfigurationList = 96AEEEC62B805E7C00546404 /* Build configuration list for PBXProject "cryptoTracker" */;
			compatibilityVersion = "Xcode 14.0";
			developmentRegion = en;
			hasScannedForEncodings = 0;
			knownRegions = (
				en,
				Base,
			);
			mainGroup = 96AEEEC22B805E7C00546404;
			productRefGroup = 96AEEECC2B805E7C00546404 /* Products */;
			projectDirPath = "";
			projectRoot = "";
			targets = (
				96AEEECA2B805E7C00546404 /* cryptoTracker */,
			);
		};
/* End PBXProject section */

/* Begin PBXResourcesBuildPhase section */
		96AEEEC92B805E7C00546404 /* Resources */ = {
			isa = PBXResourcesBuildPhase;
			buildActionMask = 2147483647;
			files = (
				96F4A8222B8C6EAE0080276E /* LaunchScreen.storyboard in Resources */,
				96AEEED62B805E7D00546404 /* Preview Assets.xcassets in Resources */,
				96AEEEDD2B805FB200546404 /* Assets.xcassets in Resources */,
			);
			runOnlyForDeploymentPostprocessing = 0;
		};
/* End PBXResourcesBuildPhase section */

/* Begin PBXSourcesBuildPhase section */
		96AEEEC72B805E7C00546404 /* Sources */ = {
			isa = PBXSourcesBuildPhase;
			buildActionMask = 2147483647;
			files = (
				963E04BC2B874C80000E064C /* PortfolioContainer.xcdatamodeld in Sources */,
				337CA6F22B84BCCD0043FF04 /* StatisticModel.swift in Sources */,
				96757D652B84F45F0034E77E /* MarketDataService.swift in Sources */,
				963E04CD2B88A98B000E064C /* ChartView.swift in Sources */,
				96AEEEFA2B81FB1400546404 /* CoinDataService.swift in Sources */,
				337CA6FA2B85A3B70043FF04 /* XMarkButton.swift in Sources */,
				96AEEEF12B81B6A300546404 /* CoinRowView.swift in Sources */,
				963E04CF2B88E09C000E064C /* Date.swift in Sources */,
				96AEEEF72B81D70700546404 /* HomeViewModel.swift in Sources */,
				337CA6CF2B8325140043FF04 /* LocalFileManager.swift in Sources */,
				96757D632B84EC840034E77E /* MarketDataModel.swift in Sources */,
				96AEEEE62B80682F00546404 /* HomeView.swift in Sources */,
				337CA6F42B84BDEC0043FF04 /* StatisticView.swift in Sources */,
				337CA6C92B8304D20043FF04 /* CoinImageView.swift in Sources */,
				96AEEECF2B805E7C00546404 /* cryptoTrackerApp.swift in Sources */,
				96F4A8242B8C702A0080276E /* LaunchView.swift in Sources */,
				337CA6F02B84AA1C0043FF04 /* UIApplication.swift in Sources */,
				96AEEEEA2B80699700546404 /* CircleButtonView.swift in Sources */,
				963E04C52B888316000E064C /* DetailView.swift in Sources */,
				963E04C02B8871A8000E064C /* HapticManager.swift in Sources */,
				96AEEEE02B80617200546404 /* Color.swift in Sources */,
				337CA6EE2B849E070043FF04 /* SearchBarView.swift in Sources */,
				337CA6FC2B85A5800043FF04 /* CoinLogoView.swift in Sources */,
				337CA6C62B82FCE90043FF04 /* NetworkingManager.swift in Sources */,
				337CA6F62B84C0AC0043FF04 /* HomeStatsView.swift in Sources */,
				96AEEEEC2B80713C00546404 /* CircleButtonAnimationView.swift in Sources */,
				337CA6CD2B831F2A0043FF04 /* CoinImageViewModel.swift in Sources */,
				96F4A81A2B8C5FC30080276E /* String.swift in Sources */,
				96AEEEF32B81CA2500546404 /* PreviewData.swift in Sources */,
				337CA6F82B85A17C0043FF04 /* PortfolioView.swift in Sources */,
				96AEEEF52B81CF3E00546404 /* Double.swift in Sources */,
				337CA6CB2B83060E0043FF04 /* CoinImageService.swift in Sources */,
				963E04C72B888FF6000E064C /* CoinDetailModel.swift in Sources */,
				96AEEEEF2B81A89800546404 /* CoinModel.swift in Sources */,
				963E04CB2B88933F000E064C /* CoinDetailDataService.swift in Sources */,
				963E04C92B889307000E064C /* DetailViewModel.swift in Sources */,
				963E04BE2B874D13000E064C /* PortfolioDataService.swift in Sources */,
				96F4A81E2B8C659D0080276E /* SettingsView.swift in Sources */,
			);
			runOnlyForDeploymentPostprocessing = 0;
		};
/* End PBXSourcesBuildPhase section */

/* Begin XCBuildConfiguration section */
		96AEEED72B805E7D00546404 /* Debug */ = {
			isa = XCBuildConfiguration;
			buildSettings = {
				ALWAYS_SEARCH_USER_PATHS = NO;
				ASSETCATALOG_COMPILER_GENERATE_SWIFT_ASSET_SYMBOL_EXTENSIONS = YES;
				CLANG_ANALYZER_NONNULL = YES;
				CLANG_ANALYZER_NUMBER_OBJECT_CONVERSION = YES_AGGRESSIVE;
				CLANG_CXX_LANGUAGE_STANDARD = "gnu++20";
				CLANG_ENABLE_MODULES = YES;
				CLANG_ENABLE_OBJC_ARC = YES;
				CLANG_ENABLE_OBJC_WEAK = YES;
				CLANG_WARN_BLOCK_CAPTURE_AUTORELEASING = YES;
				CLANG_WARN_BOOL_CONVERSION = YES;
				CLANG_WARN_COMMA = YES;
				CLANG_WARN_CONSTANT_CONVERSION = YES;
				CLANG_WARN_DEPRECATED_OBJC_IMPLEMENTATIONS = YES;
				CLANG_WARN_DIRECT_OBJC_ISA_USAGE = YES_ERROR;
				CLANG_WARN_DOCUMENTATION_COMMENTS = YES;
				CLANG_WARN_EMPTY_BODY = YES;
				CLANG_WARN_ENUM_CONVERSION = YES;
				CLANG_WARN_INFINITE_RECURSION = YES;
				CLANG_WARN_INT_CONVERSION = YES;
				CLANG_WARN_NON_LITERAL_NULL_CONVERSION = YES;
				CLANG_WARN_OBJC_IMPLICIT_RETAIN_SELF = YES;
				CLANG_WARN_OBJC_LITERAL_CONVERSION = YES;
				CLANG_WARN_OBJC_ROOT_CLASS = YES_ERROR;
				CLANG_WARN_QUOTED_INCLUDE_IN_FRAMEWORK_HEADER = YES;
				CLANG_WARN_RANGE_LOOP_ANALYSIS = YES;
				CLANG_WARN_STRICT_PROTOTYPES = YES;
				CLANG_WARN_SUSPICIOUS_MOVE = YES;
				CLANG_WARN_UNGUARDED_AVAILABILITY = YES_AGGRESSIVE;
				CLANG_WARN_UNREACHABLE_CODE = YES;
				CLANG_WARN__DUPLICATE_METHOD_MATCH = YES;
				COPY_PHASE_STRIP = NO;
				DEBUG_INFORMATION_FORMAT = dwarf;
				ENABLE_STRICT_OBJC_MSGSEND = YES;
				ENABLE_TESTABILITY = YES;
				ENABLE_USER_SCRIPT_SANDBOXING = YES;
				GCC_C_LANGUAGE_STANDARD = gnu17;
				GCC_DYNAMIC_NO_PIC = NO;
				GCC_NO_COMMON_BLOCKS = YES;
				GCC_OPTIMIZATION_LEVEL = 0;
				GCC_PREPROCESSOR_DEFINITIONS = (
					"DEBUG=1",
					"$(inherited)",
				);
				GCC_WARN_64_TO_32_BIT_CONVERSION = YES;
				GCC_WARN_ABOUT_RETURN_TYPE = YES_ERROR;
				GCC_WARN_UNDECLARED_SELECTOR = YES;
				GCC_WARN_UNINITIALIZED_AUTOS = YES_AGGRESSIVE;
				GCC_WARN_UNUSED_FUNCTION = YES;
				GCC_WARN_UNUSED_VARIABLE = YES;
				IPHONEOS_DEPLOYMENT_TARGET = 17.2;
				LOCALIZATION_PREFERS_STRING_CATALOGS = YES;
				MTL_ENABLE_DEBUG_INFO = INCLUDE_SOURCE;
				MTL_FAST_MATH = YES;
				ONLY_ACTIVE_ARCH = YES;
				SDKROOT = iphoneos;
				SWIFT_ACTIVE_COMPILATION_CONDITIONS = "DEBUG $(inherited)";
				SWIFT_OPTIMIZATION_LEVEL = "-Onone";
			};
			name = Debug;
		};
		96AEEED82B805E7D00546404 /* Release */ = {
			isa = XCBuildConfiguration;
			buildSettings = {
				ALWAYS_SEARCH_USER_PATHS = NO;
				ASSETCATALOG_COMPILER_GENERATE_SWIFT_ASSET_SYMBOL_EXTENSIONS = YES;
				CLANG_ANALYZER_NONNULL = YES;
				CLANG_ANALYZER_NUMBER_OBJECT_CONVERSION = YES_AGGRESSIVE;
				CLANG_CXX_LANGUAGE_STANDARD = "gnu++20";
				CLANG_ENABLE_MODULES = YES;
				CLANG_ENABLE_OBJC_ARC = YES;
				CLANG_ENABLE_OBJC_WEAK = YES;
				CLANG_WARN_BLOCK_CAPTURE_AUTORELEASING = YES;
				CLANG_WARN_BOOL_CONVERSION = YES;
				CLANG_WARN_COMMA = YES;
				CLANG_WARN_CONSTANT_CONVERSION = YES;
				CLANG_WARN_DEPRECATED_OBJC_IMPLEMENTATIONS = YES;
				CLANG_WARN_DIRECT_OBJC_ISA_USAGE = YES_ERROR;
				CLANG_WARN_DOCUMENTATION_COMMENTS = YES;
				CLANG_WARN_EMPTY_BODY = YES;
				CLANG_WARN_ENUM_CONVERSION = YES;
				CLANG_WARN_INFINITE_RECURSION = YES;
				CLANG_WARN_INT_CONVERSION = YES;
				CLANG_WARN_NON_LITERAL_NULL_CONVERSION = YES;
				CLANG_WARN_OBJC_IMPLICIT_RETAIN_SELF = YES;
				CLANG_WARN_OBJC_LITERAL_CONVERSION = YES;
				CLANG_WARN_OBJC_ROOT_CLASS = YES_ERROR;
				CLANG_WARN_QUOTED_INCLUDE_IN_FRAMEWORK_HEADER = YES;
				CLANG_WARN_RANGE_LOOP_ANALYSIS = YES;
				CLANG_WARN_STRICT_PROTOTYPES = YES;
				CLANG_WARN_SUSPICIOUS_MOVE = YES;
				CLANG_WARN_UNGUARDED_AVAILABILITY = YES_AGGRESSIVE;
				CLANG_WARN_UNREACHABLE_CODE = YES;
				CLANG_WARN__DUPLICATE_METHOD_MATCH = YES;
				COPY_PHASE_STRIP = NO;
				DEBUG_INFORMATION_FORMAT = "dwarf-with-dsym";
				ENABLE_NS_ASSERTIONS = NO;
				ENABLE_STRICT_OBJC_MSGSEND = YES;
				ENABLE_USER_SCRIPT_SANDBOXING = YES;
				GCC_C_LANGUAGE_STANDARD = gnu17;
				GCC_NO_COMMON_BLOCKS = YES;
				GCC_WARN_64_TO_32_BIT_CONVERSION = YES;
				GCC_WARN_ABOUT_RETURN_TYPE = YES_ERROR;
				GCC_WARN_UNDECLARED_SELECTOR = YES;
				GCC_WARN_UNINITIALIZED_AUTOS = YES_AGGRESSIVE;
				GCC_WARN_UNUSED_FUNCTION = YES;
				GCC_WARN_UNUSED_VARIABLE = YES;
				IPHONEOS_DEPLOYMENT_TARGET = 17.2;
				LOCALIZATION_PREFERS_STRING_CATALOGS = YES;
				MTL_ENABLE_DEBUG_INFO = NO;
				MTL_FAST_MATH = YES;
				SDKROOT = iphoneos;
				SWIFT_COMPILATION_MODE = wholemodule;
				VALIDATE_PRODUCT = YES;
			};
			name = Release;
		};
		96AEEEDA2B805E7D00546404 /* Debug */ = {
			isa = XCBuildConfiguration;
			buildSettings = {
				ASSETCATALOG_COMPILER_APPICON_NAME = AppIcon;
				ASSETCATALOG_COMPILER_GLOBAL_ACCENT_COLOR_NAME = AccentColor;
				CODE_SIGN_STYLE = Automatic;
				CURRENT_PROJECT_VERSION = 1;
				DEVELOPMENT_ASSET_PATHS = "\"cryptoTracker/Preview Content\"";
				DEVELOPMENT_TEAM = 7PL3GNXND7;
				ENABLE_PREVIEWS = YES;
				GENERATE_INFOPLIST_FILE = YES;
				INFOPLIST_KEY_CFBundleDisplayName = "Crypto Tracker";
				INFOPLIST_KEY_UIApplicationSceneManifest_Generation = YES;
				INFOPLIST_KEY_UIApplicationSupportsIndirectInputEvents = YES;
				INFOPLIST_KEY_UILaunchScreen_Generation = YES;
				INFOPLIST_KEY_UILaunchStoryboardName = LaunchScreen.storyboard;
				INFOPLIST_KEY_UISupportedInterfaceOrientations = UIInterfaceOrientationPortrait;
				INFOPLIST_KEY_UISupportedInterfaceOrientations_iPad = "UIInterfaceOrientationLandscapeLeft UIInterfaceOrientationLandscapeRight UIInterfaceOrientationPortrait UIInterfaceOrientationPortraitUpsideDown";
				LD_RUNPATH_SEARCH_PATHS = (
					"$(inherited)",
					"@executable_path/Frameworks",
				);
				MARKETING_VERSION = 1.0;
				PRODUCT_BUNDLE_IDENTIFIER = BaihongBao.cryptoTracker;
				PRODUCT_NAME = "$(TARGET_NAME)";
				SWIFT_EMIT_LOC_STRINGS = YES;
				SWIFT_VERSION = 5.0;
				TARGETED_DEVICE_FAMILY = "1,2";
			};
			name = Debug;
		};
		96AEEEDB2B805E7D00546404 /* Release */ = {
			isa = XCBuildConfiguration;
			buildSettings = {
				ASSETCATALOG_COMPILER_APPICON_NAME = AppIcon;
				ASSETCATALOG_COMPILER_GLOBAL_ACCENT_COLOR_NAME = AccentColor;
				CODE_SIGN_STYLE = Automatic;
				CURRENT_PROJECT_VERSION = 1;
				DEVELOPMENT_ASSET_PATHS = "\"cryptoTracker/Preview Content\"";
				DEVELOPMENT_TEAM = 7PL3GNXND7;
				ENABLE_PREVIEWS = YES;
				GENERATE_INFOPLIST_FILE = YES;
				INFOPLIST_KEY_CFBundleDisplayName = "Crypto Tracker";
				INFOPLIST_KEY_UIApplicationSceneManifest_Generation = YES;
				INFOPLIST_KEY_UIApplicationSupportsIndirectInputEvents = YES;
				INFOPLIST_KEY_UILaunchScreen_Generation = YES;
				INFOPLIST_KEY_UILaunchStoryboardName = LaunchScreen.storyboard;
				INFOPLIST_KEY_UISupportedInterfaceOrientations = UIInterfaceOrientationPortrait;
				INFOPLIST_KEY_UISupportedInterfaceOrientations_iPad = "UIInterfaceOrientationLandscapeLeft UIInterfaceOrientationLandscapeRight UIInterfaceOrientationPortrait UIInterfaceOrientationPortraitUpsideDown";
				LD_RUNPATH_SEARCH_PATHS = (
					"$(inherited)",
					"@executable_path/Frameworks",
				);
				MARKETING_VERSION = 1.0;
				PRODUCT_BUNDLE_IDENTIFIER = BaihongBao.cryptoTracker;
				PRODUCT_NAME = "$(TARGET_NAME)";
				SWIFT_EMIT_LOC_STRINGS = YES;
				SWIFT_VERSION = 5.0;
				TARGETED_DEVICE_FAMILY = "1,2";
			};
			name = Release;
		};
/* End XCBuildConfiguration section */

/* Begin XCConfigurationList section */
		96AEEEC62B805E7C00546404 /* Build configuration list for PBXProject "cryptoTracker" */ = {
			isa = XCConfigurationList;
			buildConfigurations = (
				96AEEED72B805E7D00546404 /* Debug */,
				96AEEED82B805E7D00546404 /* Release */,
			);
			defaultConfigurationIsVisible = 0;
			defaultConfigurationName = Release;
		};
		96AEEED92B805E7D00546404 /* Build configuration list for PBXNativeTarget "cryptoTracker" */ = {
			isa = XCConfigurationList;
			buildConfigurations = (
				96AEEEDA2B805E7D00546404 /* Debug */,
				96AEEEDB2B805E7D00546404 /* Release */,
			);
			defaultConfigurationIsVisible = 0;
			defaultConfigurationName = Release;
		};
/* End XCConfigurationList section */

/* Begin XCVersionGroup section */
		963E04BA2B874C80000E064C /* PortfolioContainer.xcdatamodeld */ = {
			isa = XCVersionGroup;
			children = (
				963E04BB2B874C80000E064C /* PortfolioContainer.xcdatamodel */,
			);
			currentVersion = 963E04BB2B874C80000E064C /* PortfolioContainer.xcdatamodel */;
			path = PortfolioContainer.xcdatamodeld;
			sourceTree = "<group>";
			versionGroupType = wrapper.xcdatamodel;
		};
/* End XCVersionGroup section */
	};
	rootObject = 96AEEEC32B805E7C00546404 /* Project object */;
}
